# THIS IS AN AUTOGENERATED FILE. DO NOT EDIT THIS FILE DIRECTLY.
# yarn lockfile v1


"@material/mwc-base@^0.1.2":
  version "0.1.2"
  resolved "https://registry.yarnpkg.com/@material/mwc-base/-/mwc-base-0.1.2.tgz#a17988248c7fe4252305cee4f2fb604f5b0d047a"
  dependencies:
    "@polymer/lit-element" "^0.5.2"

"@material/mwc-icon@^0.1.1":
  version "0.1.2"
  resolved "https://registry.yarnpkg.com/@material/mwc-icon/-/mwc-icon-0.1.2.tgz#32ec2f5a48a30014ed97451de0862b1bf51f14e3"
  dependencies:
    "@material/mwc-base" "^0.1.2"
    "@polymer/lit-element" "^0.5.2"

"@polymer/lit-element@^0.5.2":
  version "0.5.2"
  resolved "https://registry.yarnpkg.com/@polymer/lit-element/-/lit-element-0.5.2.tgz#8d4e2d1ada27cf0f1a38b7b0eb9fadae92eb63df"
  dependencies:
    "@polymer/polymer" "^3.0.2"
    lit-html "^0.10.0"

"@polymer/polymer@^3.0.2":
  version "3.0.5"
  resolved "https://registry.yarnpkg.com/@polymer/polymer/-/polymer-3.0.5.tgz#eaa42e70df7de818b5e1839452c82a5f83e39929"
  dependencies:
    "@webcomponents/shadycss" "^1.2.0"

"@webcomponents/shadycss@^1.2.0":
  version "1.5.0"
  resolved "https://registry.yarnpkg.com/@webcomponents/shadycss/-/shadycss-1.5.0.tgz#109e596027eed04bc5032414c9f094e1aeb9260e"

bootstrap@^4.1.3:
  version "4.1.3"
  resolved "https://registry.yarnpkg.com/bootstrap/-/bootstrap-4.1.3.tgz#0eb371af2c8448e8c210411d0cb824a6409a12be"

lit-html@^0.10.0:
  version "0.10.2"
  resolved "https://registry.yarnpkg.com/lit-html/-/lit-html-0.10.2.tgz#53c846afcf91bb1e6623179ef22e327ab8ac0e0e"

wired-button@^0.7.0:
  version "0.7.0"
  resolved "https://registry.yarnpkg.com/wired-button/-/wired-button-0.7.0.tgz#66f273e52a4ac5a3d0b5c76121b7deaa6994ca64"
  dependencies:
    "@polymer/lit-element" "^0.5.2"
    wired-lib "^0.6.0"

wired-card@^0.6.5:
  version "0.6.5"
  resolved "https://registry.yarnpkg.com/wired-card/-/wired-card-0.6.5.tgz#992488344154785ee684a2433cf05a9b68ee7fe1"
  dependencies:
    "@polymer/lit-element" "^0.5.2"
    wired-lib "^0.6.0"

wired-checkbox@^0.7.0:
  version "0.7.0"
  resolved "https://registry.yarnpkg.com/wired-checkbox/-/wired-checkbox-0.7.0.tgz#9cf89e02eecb90d3394d24686e76505c5fb1dae0"
  dependencies:
    "@polymer/lit-element" "^0.5.2"
    wired-lib "^0.6.0"

wired-combo@^0.7.1:
  version "0.7.1"
  resolved "https://registry.yarnpkg.com/wired-combo/-/wired-combo-0.7.1.tgz#ce0e786366deab34b19680931c114c59ab2cdec6"
  dependencies:
    "@polymer/lit-element" "^0.5.2"
    wired-card "^0.6.5"
    wired-item "^0.6.5"
    wired-lib "^0.6.0"

wired-elements@^0.7.2:
  version "0.7.2"
  resolved "https://registry.yarnpkg.com/wired-elements/-/wired-elements-0.7.2.tgz#9cc4b0396727bfbaafc7e64bb9585fa815d3de95"
  dependencies:
    wired-button "^0.7.0"
    wired-card "^0.6.5"
    wired-checkbox "^0.7.0"
    wired-combo "^0.7.1"
    wired-icon-button "^0.7.0"
    wired-input "^0.6.6"
    wired-item "^0.6.5"
    wired-lib "^0.6.0"
    wired-listbox "^0.7.2"
    wired-progress "^0.6.5"
    wired-radio "^0.7.0"
    wired-radio-group "^0.7.1"
    wired-slider "^0.7.0"
    wired-textarea "^0.6.5"
    wired-toggle "^0.7.0"
    wired-tooltip "^0.6.5"

wired-icon-button@^0.7.0:
  version "0.7.0"
  resolved "https://registry.yarnpkg.com/wired-icon-button/-/wired-icon-button-0.7.0.tgz#60cbefe07434e8b279faa89b81096322d39af842"
  dependencies:
    "@material/mwc-icon" "^0.1.1"
    "@polymer/lit-element" "^0.5.2"
    wired-lib "^0.6.0"

wired-input@^0.6.6:
  version "0.6.6"
  resolved "https://registry.yarnpkg.com/wired-input/-/wired-input-0.6.6.tgz#526a135542f45cc0b0394374f1865b33321a20fa"
  dependencies:
    "@polymer/lit-element" "^0.5.2"
    wired-lib "^0.6.0"

wired-item@^0.6.5:
  version "0.6.5"
  resolved "https://registry.yarnpkg.com/wired-item/-/wired-item-0.6.5.tgz#5c0d3898a1fc3737f24e42787309cf2c0b43a015"
  dependencies:
    "@polymer/lit-element" "^0.5.2"

wired-lib@^0.6.0:
  version "0.6.0"
  resolved "https://registry.yarnpkg.com/wired-lib/-/wired-lib-0.6.0.tgz#89b18cfa3353133e9e33d0cb2ce384668334fc76"

wired-listbox@^0.7.2:
  version "0.7.2"
  resolved "https://registry.yarnpkg.com/wired-listbox/-/wired-listbox-0.7.2.tgz#075b1097ab34d851fa9611277e0f3afa9fad9c8e"
  dependencies:
    "@polymer/lit-element" "^0.5.2"
    wired-item "^0.6.5"
    wired-lib "^0.6.0"

wired-progress@^0.6.5:
  version "0.6.5"
  resolved "https://registry.yarnpkg.com/wired-progress/-/wired-progress-0.6.5.tgz#9575fb25a73fccda38eb60c802596456d6cfcfb4"
  dependencies:
    "@polymer/lit-element" "^0.5.2"
    wired-lib "^0.6.0"

wired-radio-group@^0.7.1:
  version "0.7.1"
  resolved "https://registry.yarnpkg.com/wired-radio-group/-/wired-radio-group-0.7.1.tgz#fe70ce889e7e3157f2d51f225fc2e8f5c9e4af7f"
  dependencies:
    "@polymer/lit-element" "^0.5.2"
    wired-lib "^0.6.0"

wired-radio@^0.7.0:
  version "0.7.0"
  resolved "https://registry.yarnpkg.com/wired-radio/-/wired-radio-0.7.0.tgz#bf7fc5ce985d6b4cb848196f7f93520b7d491675"
  dependencies:
    "@polymer/lit-element" "^0.5.2"
    wired-lib "^0.6.0"

wired-slider@^0.7.0:
  version "0.7.0"
  resolved "https://registry.yarnpkg.com/wired-slider/-/wired-slider-0.7.0.tgz#0a5689e28294a73fd5905cf89f359ed2dd425d3a"
  dependencies:
    "@polymer/lit-element" "^0.5.2"
    "@polymer/polymer" "^3.0.2"
    wired-lib "^0.6.0"

wired-textarea@^0.6.5:
  version "0.6.5"
  resolved "https://registry.yarnpkg.com/wired-textarea/-/wired-textarea-0.6.5.tgz#9bdc214df95faa034466a84f9b073a82395264ed"
  dependencies:
    "@polymer/lit-element" "^0.5.2"
    wired-lib "^0.6.0"

wired-toggle@^0.7.0:
  version "0.7.0"
  resolved "https://registry.yarnpkg.com/wired-toggle/-/wired-toggle-0.7.0.tgz#4b55854a0ae5abcb450b794d2f3a576103f7150e"
  dependencies:
    "@polymer/lit-element" "^0.5.2"
    wired-lib "^0.6.0"

wired-tooltip@^0.6.5:
  version "0.6.5"
  resolved "https://registry.yarnpkg.com/wired-tooltip/-/wired-tooltip-0.6.5.tgz#5a121e3ba30ae099e57130dcf96f58d57f2d03ed"
  dependencies:
    "@polymer/lit-element" "^0.5.2"
    wired-lib "^0.6.0"
